
Microsoft Visual Studio Solution File, Format Version 11.00
# Visual Studio 2010
Project("{FAE04EC0-301F-11D3-BF4B-00C04F79EFBC}") = "FaceFusion", "FaceFusion\FaceFusion.csproj", "{2EF17CB3-46BD-4FAB-A45C-ECA654A12215}"
	ProjectSection(ProjectDependencies) = postProject
		{C6F9C31B-6130-4443-A5CC-EF0664552ECD} = {C6F9C31B-6130-4443-A5CC-EF0664552ECD}
		{58851747-F078-44E1-94B0-99EF065B3319} = {58851747-F078-44E1-94B0-99EF065B3319}
		{1BCF9CEE-DF01-430E-B49D-41A9A88963EB} = {1BCF9CEE-DF01-430E-B49D-41A9A88963EB}
	EndProjectSection
EndProject
Project("{FAE04EC0-301F-11D3-BF4B-00C04F79EFBC}") = "Microsoft.Kinect.Toolkit.Fusion", "Microsoft.Kinect.Toolkit.Fusion\Microsoft.Kinect.Toolkit.Fusion.csproj", "{58851747-F078-44E1-94B0-99EF065B3319}"
EndProject
Project("{FAE04EC0-301F-11D3-BF4B-00C04F79EFBC}") = "Microsoft.Kinect.Toolkit", "Microsoft.Kinect.Toolkit\Microsoft.Kinect.Toolkit.csproj", "{C6F9C31B-6130-4443-A5CC-EF0664552ECD}"
EndProject
Project("{FAE04EC0-301F-11D3-BF4B-00C04F79EFBC}") = "Microsoft.Kinect.Toolkit.FaceTracking", "Microsoft.Kinect.Toolkit.FaceTracking\Microsoft.Kinect.Toolkit.FaceTracking.csproj", "{1BCF9CEE-DF01-430E-B49D-41A9A88963EB}"
EndProject
Project("{2150E333-8FDC-42A3-9474-1A3956D46DE8}") = "README", "README", "{14E147AA-B4B0-422E-86F4-827F4A574476}"
	ProjectSection(SolutionItems) = preProject
		license.txt = license.txt
		readme.txt = readme.txt
	EndProjectSection
EndProject
Global
	GlobalSection(SolutionConfigurationPlatforms) = preSolution
		Debug|Any CPU = Debug|Any CPU
		Release|Any CPU = Release|Any CPU
	EndGlobalSection
	GlobalSection(ProjectConfigurationPlatforms) = postSolution
		{2EF17CB3-46BD-4FAB-A45C-ECA654A12215}.Debug|Any CPU.ActiveCfg = Debug|Any CPU
		{2EF17CB3-46BD-4FAB-A45C-ECA654A12215}.Debug|Any CPU.Build.0 = Debug|Any CPU
		{2EF17CB3-46BD-4FAB-A45C-ECA654A12215}.Release|Any CPU.ActiveCfg = Release|Any CPU
		{2EF17CB3-46BD-4FAB-A45C-ECA654A12215}.Release|Any CPU.Build.0 = Release|Any CPU
		{58851747-F078-44E1-94B0-99EF065B3319}.Debug|Any CPU.ActiveCfg = Debug|Any CPU
		{58851747-F078-44E1-94B0-99EF065B3319}.Debug|Any CPU.Build.0 = Debug|Any CPU
		{58851747-F078-44E1-94B0-99EF065B3319}.Release|Any CPU.ActiveCfg = Release|Any CPU
		{58851747-F078-44E1-94B0-99EF065B3319}.Release|Any CPU.Build.0 = Release|Any CPU
		{C6F9C31B-6130-4443-A5CC-EF0664552ECD}.Debug|Any CPU.ActiveCfg = Debug|Any CPU
		{C6F9C31B-6130-4443-A5CC-EF0664552ECD}.Debug|Any CPU.Build.0 = Debug|Any CPU
		{C6F9C31B-6130-4443-A5CC-EF0664552ECD}.Release|Any CPU.ActiveCfg = Release|Any CPU
		{C6F9C31B-6130-4443-A5CC-EF0664552ECD}.Release|Any CPU.Build.0 = Release|Any CPU
		{1BCF9CEE-DF01-430E-B49D-41A9A88963EB}.Debug|Any CPU.ActiveCfg = Debug|Any CPU
		{1BCF9CEE-DF01-430E-B49D-41A9A88963EB}.Debug|Any CPU.Build.0 = Debug|Any CPU
		{1BCF9CEE-DF01-430E-B49D-41A9A88963EB}.Release|Any CPU.ActiveCfg = Release|Any CPU
		{1BCF9CEE-DF01-430E-B49D-41A9A88963EB}.Release|Any CPU.Build.0 = Release|Any CPU
	EndGlobalSection
	GlobalSection(SolutionProperties) = preSolution
		HideSolutionNode = FALSE
	EndGlobalSection
EndGlobal
